// !$*UTF8*$!
{
	archiveVersion = 1;
	classes = {
	};
	objectVersion = 48;
	objects = {

/* Begin PBXBuildFile section */
		0F42826C2150BF68001DAC82 /* EBAYApiError.swift in Sources */ = {isa = PBXBuildFile; fileRef = 0F42826B2150BF68001DAC82 /* EBAYApiError.swift */; };
		0F42826E2150C4ED001DAC82 /* ErrorResponse.swift in Sources */ = {isa = PBXBuildFile; fileRef = 0F42826D2150C4ED001DAC82 /* ErrorResponse.swift */; };
		0F4282702150E7A3001DAC82 /* OauthToken.swift in Sources */ = {isa = PBXBuildFile; fileRef = 0F42826F2150E7A3001DAC82 /* OauthToken.swift */; };
		0F42827221510717001DAC82 /* OauthResponse.swift in Sources */ = {isa = PBXBuildFile; fileRef = 0F42827121510717001DAC82 /* OauthResponse.swift */; };
		0F428274215126ED001DAC82 /* Podfile in Resources */ = {isa = PBXBuildFile; fileRef = 0F428273215126ED001DAC82 /* Podfile */; };
		0F630B4421571E380009BE64 /* PreviewController.swift in Sources */ = {isa = PBXBuildFile; fileRef = 0F630B4321571E380009BE64 /* PreviewController.swift */; };
		0F728A46214F383A00548AE7 /* EBAYAPIClient.swift in Sources */ = {isa = PBXBuildFile; fileRef = 0F728A45214F383A00548AE7 /* EBAYAPIClient.swift */; };
		0F7AF942214B7B880082AE19 /* Cloth.swift in Sources */ = {isa = PBXBuildFile; fileRef = 0F7AF941214B7B880082AE19 /* Cloth.swift */; };
		0F7AF955214B7BC70082AE19 /* (null) in Sources */ = {isa = PBXBuildFile; };
		0FA6170D21479322003333C2 /* CollectionViewCell.swift in Sources */ = {isa = PBXBuildFile; fileRef = 0FA6170C21479322003333C2 /* CollectionViewCell.swift */; };
		7439A868212131BD00CCEE29 /* AppDelegate.swift in Sources */ = {isa = PBXBuildFile; fileRef = 7439A867212131BD00CCEE29 /* AppDelegate.swift */; };
		7439A86A212131BD00CCEE29 /* ViewController.swift in Sources */ = {isa = PBXBuildFile; fileRef = 7439A869212131BD00CCEE29 /* ViewController.swift */; };
		7439A86D212131BD00CCEE29 /* Main.storyboard in Resources */ = {isa = PBXBuildFile; fileRef = 7439A86B212131BD00CCEE29 /* Main.storyboard */; };
		7439A86F212131BF00CCEE29 /* Assets.xcassets in Resources */ = {isa = PBXBuildFile; fileRef = 7439A86E212131BF00CCEE29 /* Assets.xcassets */; };
		7439A872212131BF00CCEE29 /* LaunchScreen.storyboard in Resources */ = {isa = PBXBuildFile; fileRef = 7439A870212131BF00CCEE29 /* LaunchScreen.storyboard */; };
		748972B9214F58480077FFCB /* SettingsController.swift in Sources */ = {isa = PBXBuildFile; fileRef = 748972B8214F58480077FFCB /* SettingsController.swift */; };
		84550A66AC37B969257BCDA9 /* Pods_Dress_Preview.framework in Frameworks */ = {isa = PBXBuildFile; fileRef = BBABEEFF3A86B3B7C9EAE723 /* Pods_Dress_Preview.framework */; };
		C7099C622155A5F300BBB670 /* Item.swift in Sources */ = {isa = PBXBuildFile; fileRef = C7099C612155A5F300BBB670 /* Item.swift */; };
		C7099C642155AA0B00BBB670 /* FavouritesViewController.swift in Sources */ = {isa = PBXBuildFile; fileRef = C7099C632155AA0B00BBB670 /* FavouritesViewController.swift */; };
		C76E1AC5212A630700E4DF00 /* Default-568h@2x.png in Resources */ = {isa = PBXBuildFile; fileRef = C76E1AC4212A630600E4DF00 /* Default-568h@2x.png */; };
		C794CAD72154B1A300675FFE /* user.xcdatamodeld in Sources */ = {isa = PBXBuildFile; fileRef = C794CAD52154B1A300675FFE /* user.xcdatamodeld */; };
		C7D8A1EF214F32A200F0F8A1 /* DetailsViewController.swift in Sources */ = {isa = PBXBuildFile; fileRef = C7D8A1EE214F32A200F0F8A1 /* DetailsViewController.swift */; };
/* End PBXBuildFile section */

/* Begin PBXFileReference section */
		0F42826B2150BF68001DAC82 /* EBAYApiError.swift */ = {isa = PBXFileReference; lastKnownFileType = sourcecode.swift; path = EBAYApiError.swift; sourceTree = "<group>"; };
		0F42826D2150C4ED001DAC82 /* ErrorResponse.swift */ = {isa = PBXFileReference; lastKnownFileType = sourcecode.swift; path = ErrorResponse.swift; sourceTree = "<group>"; };
		0F42826F2150E7A3001DAC82 /* OauthToken.swift */ = {isa = PBXFileReference; lastKnownFileType = sourcecode.swift; path = OauthToken.swift; sourceTree = "<group>"; };
		0F42827121510717001DAC82 /* OauthResponse.swift */ = {isa = PBXFileReference; lastKnownFileType = sourcecode.swift; path = OauthResponse.swift; sourceTree = "<group>"; };
		0F428273215126ED001DAC82 /* Podfile */ = {isa = PBXFileReference; fileEncoding = 4; lastKnownFileType = text; path = Podfile; sourceTree = "<group>"; xcLanguageSpecificationIdentifier = xcode.lang.ruby; };
		0F630B4321571E380009BE64 /* PreviewController.swift */ = {isa = PBXFileReference; lastKnownFileType = sourcecode.swift; path = PreviewController.swift; sourceTree = "<group>"; };
		0F728A45214F383A00548AE7 /* EBAYAPIClient.swift */ = {isa = PBXFileReference; fileEncoding = 4; lastKnownFileType = sourcecode.swift; path = EBAYAPIClient.swift; sourceTree = "<group>"; };
		0F7AF941214B7B880082AE19 /* Cloth.swift */ = {isa = PBXFileReference; lastKnownFileType = sourcecode.swift; path = Cloth.swift; sourceTree = "<group>"; };
		0FA6170C21479322003333C2 /* CollectionViewCell.swift */ = {isa = PBXFileReference; lastKnownFileType = sourcecode.swift; path = CollectionViewCell.swift; sourceTree = "<group>"; };
		357994196E9F0B3200EA52C7 /* Pods-Dress Preview.debug.xcconfig */ = {isa = PBXFileReference; includeInIndex = 1; lastKnownFileType = text.xcconfig; name = "Pods-Dress Preview.debug.xcconfig"; path = "Pods/Target Support Files/Pods-Dress Preview/Pods-Dress Preview.debug.xcconfig"; sourceTree = "<group>"; };
		7439A864212131BD00CCEE29 /* Dress Preview.app */ = {isa = PBXFileReference; explicitFileType = wrapper.application; includeInIndex = 0; path = "Dress Preview.app"; sourceTree = BUILT_PRODUCTS_DIR; };
		7439A867212131BD00CCEE29 /* AppDelegate.swift */ = {isa = PBXFileReference; lastKnownFileType = sourcecode.swift; path = AppDelegate.swift; sourceTree = "<group>"; };
		7439A869212131BD00CCEE29 /* ViewController.swift */ = {isa = PBXFileReference; lastKnownFileType = sourcecode.swift; path = ViewController.swift; sourceTree = "<group>"; };
		7439A86C212131BD00CCEE29 /* Base */ = {isa = PBXFileReference; lastKnownFileType = file.storyboard; name = Base; path = Base.lproj/Main.storyboard; sourceTree = "<group>"; };
		7439A86E212131BF00CCEE29 /* Assets.xcassets */ = {isa = PBXFileReference; lastKnownFileType = folder.assetcatalog; path = Assets.xcassets; sourceTree = "<group>"; };
		7439A871212131BF00CCEE29 /* Base */ = {isa = PBXFileReference; lastKnownFileType = file.storyboard; name = Base; path = Base.lproj/LaunchScreen.storyboard; sourceTree = "<group>"; };
		7439A873212131BF00CCEE29 /* Info.plist */ = {isa = PBXFileReference; lastKnownFileType = text.plist.xml; path = Info.plist; sourceTree = "<group>"; };
		748972B8214F58480077FFCB /* SettingsController.swift */ = {isa = PBXFileReference; fileEncoding = 4; lastKnownFileType = sourcecode.swift; path = SettingsController.swift; sourceTree = "<group>"; };
		7BB5F142164235C05F05FFD3 /* Pods-Dress Preview.release.xcconfig */ = {isa = PBXFileReference; includeInIndex = 1; lastKnownFileType = text.xcconfig; name = "Pods-Dress Preview.release.xcconfig"; path = "Pods/Target Support Files/Pods-Dress Preview/Pods-Dress Preview.release.xcconfig"; sourceTree = "<group>"; };
		BBABEEFF3A86B3B7C9EAE723 /* Pods_Dress_Preview.framework */ = {isa = PBXFileReference; explicitFileType = wrapper.framework; includeInIndex = 0; path = Pods_Dress_Preview.framework; sourceTree = BUILT_PRODUCTS_DIR; };
		C7099C612155A5F300BBB670 /* Item.swift */ = {isa = PBXFileReference; lastKnownFileType = sourcecode.swift; path = Item.swift; sourceTree = "<group>"; };
		C7099C632155AA0B00BBB670 /* FavouritesViewController.swift */ = {isa = PBXFileReference; lastKnownFileType = sourcecode.swift; path = FavouritesViewController.swift; sourceTree = "<group>"; };
		C76E1AC4212A630600E4DF00 /* Default-568h@2x.png */ = {isa = PBXFileReference; lastKnownFileType = image.png; path = "Default-568h@2x.png"; sourceTree = "<group>"; };
		C794CAD62154B1A300675FFE /* user.xcdatamodel */ = {isa = PBXFileReference; lastKnownFileType = wrapper.xcdatamodel; path = user.xcdatamodel; sourceTree = "<group>"; };
		C794CADC2154B33E00675FFE /* User+CoreDataProperties.swift */ = {isa = PBXFileReference; lastKnownFileType = sourcecode.swift; name = "User+CoreDataProperties.swift"; path = "/Users/kingkung/University/2018/semester_2_2018/iPhone/Assignments/M2/DressPreview/User+CoreDataProperties.swift"; sourceTree = "<absolute>"; };
		C794CADD2154B33E00675FFE /* User+CoreDataClass.swift */ = {isa = PBXFileReference; lastKnownFileType = sourcecode.swift; name = "User+CoreDataClass.swift"; path = "/Users/kingkung/University/2018/semester_2_2018/iPhone/Assignments/M2/DressPreview/User+CoreDataClass.swift"; sourceTree = "<absolute>"; };
		C7D8A1EE214F32A200F0F8A1 /* DetailsViewController.swift */ = {isa = PBXFileReference; lastKnownFileType = sourcecode.swift; path = DetailsViewController.swift; sourceTree = "<group>"; };
/* End PBXFileReference section */

/* Begin PBXFrameworksBuildPhase section */
		7439A861212131BD00CCEE29 /* Frameworks */ = {
			isa = PBXFrameworksBuildPhase;
			buildActionMask = 2147483647;
			files = (
				84550A66AC37B969257BCDA9 /* Pods_Dress_Preview.framework in Frameworks */,
			);
			runOnlyForDeploymentPostprocessing = 0;
		};
/* End PBXFrameworksBuildPhase section */

/* Begin PBXGroup section */
		0F20F242214A3948007048B4 /* Requests */ = {
			isa = PBXGroup;
			children = (
			);
			path = Requests;
			sourceTree = "<group>";
		};
		0F51C2452149EFF500DC3E8B /* Networking */ = {
			isa = PBXGroup;
			children = (
				0F728A45214F383A00548AE7 /* EBAYAPIClient.swift */,
				0F42826B2150BF68001DAC82 /* EBAYApiError.swift */,
			);
			path = Networking;
			sourceTree = "<group>";
		};
		0F7AF940214B7B7B0082AE19 /* Models */ = {
			isa = PBXGroup;
			children = (
				0F7AF941214B7B880082AE19 /* Cloth.swift */,
				0F42826D2150C4ED001DAC82 /* ErrorResponse.swift */,
				C794CAD52154B1A300675FFE /* user.xcdatamodeld */,
				0F42826F2150E7A3001DAC82 /* OauthToken.swift */,
				0F42827121510717001DAC82 /* OauthResponse.swift */,
				C7099C612155A5F300BBB670 /* Item.swift */,
			);
			path = Models;
			sourceTree = "<group>";
		};
		5AB60857FADC95EFB0B0F1BD /* Pods */ = {
			isa = PBXGroup;
			children = (
				357994196E9F0B3200EA52C7 /* Pods-Dress Preview.debug.xcconfig */,
				7BB5F142164235C05F05FFD3 /* Pods-Dress Preview.release.xcconfig */,
			);
			name = Pods;
			sourceTree = "<group>";
		};
		7403FADC212A5CD600E7DF74 /* View */ = {
			isa = PBXGroup;
			children = (
				7439A86B212131BD00CCEE29 /* Main.storyboard */,
				0FA6170C21479322003333C2 /* CollectionViewCell.swift */,
			);
			path = View;
			sourceTree = "<group>";
		};
		7403FADD212A5CDC00E7DF74 /* Controller */ = {
			isa = PBXGroup;
			children = (
				7439A869212131BD00CCEE29 /* ViewController.swift */,
				748972B8214F58480077FFCB /* SettingsController.swift */,
				C7D8A1EE214F32A200F0F8A1 /* DetailsViewController.swift */,
				C7099C632155AA0B00BBB670 /* FavouritesViewController.swift */,
				0F630B4321571E380009BE64 /* PreviewController.swift */,
			);
			path = Controller;
			sourceTree = "<group>";
		};
		7403FADE212A5D0400E7DF74 /* Supporting Files */ = {
			isa = PBXGroup;
			children = (
				7439A867212131BD00CCEE29 /* AppDelegate.swift */,
				7439A86E212131BF00CCEE29 /* Assets.xcassets */,
				7439A870212131BF00CCEE29 /* LaunchScreen.storyboard */,
			);
			path = "Supporting Files";
			sourceTree = "<group>";
		};
		7439A85B212131BD00CCEE29 = {
			isa = PBXGroup;
			children = (
				C794CADD2154B33E00675FFE /* User+CoreDataClass.swift */,
				C794CADC2154B33E00675FFE /* User+CoreDataProperties.swift */,
				0F428273215126ED001DAC82 /* Podfile */,
				C76E1AC4212A630600E4DF00 /* Default-568h@2x.png */,
				7439A866212131BD00CCEE29 /* Dress Preview */,
				7439A865212131BD00CCEE29 /* Products */,
				5AB60857FADC95EFB0B0F1BD /* Pods */,
				AB2EE61A925F3DE92155F929 /* Frameworks */,
			);
			sourceTree = "<group>";
		};
		7439A865212131BD00CCEE29 /* Products */ = {
			isa = PBXGroup;
			children = (
				7439A864212131BD00CCEE29 /* Dress Preview.app */,
			);
			name = Products;
			sourceTree = "<group>";
		};
		7439A866212131BD00CCEE29 /* Dress Preview */ = {
			isa = PBXGroup;
			children = (
				0F7AF940214B7B7B0082AE19 /* Models */,
				0F20F242214A3948007048B4 /* Requests */,
				0F51C2452149EFF500DC3E8B /* Networking */,
				7439A873212131BF00CCEE29 /* Info.plist */,
				7403FADC212A5CD600E7DF74 /* View */,
				7403FADD212A5CDC00E7DF74 /* Controller */,
				7403FADE212A5D0400E7DF74 /* Supporting Files */,
			);
			path = "Dress Preview";
			sourceTree = "<group>";
		};
		AB2EE61A925F3DE92155F929 /* Frameworks */ = {
			isa = PBXGroup;
			children = (
				BBABEEFF3A86B3B7C9EAE723 /* Pods_Dress_Preview.framework */,
			);
			name = Frameworks;
			sourceTree = "<group>";
		};
/* End PBXGroup section */

/* Begin PBXNativeTarget section */
		7439A863212131BD00CCEE29 /* Dress Preview */ = {
			isa = PBXNativeTarget;
			buildConfigurationList = 7439A876212131BF00CCEE29 /* Build configuration list for PBXNativeTarget "Dress Preview" */;
			buildPhases = (
				A014E14DED3A26AD5A8EB5E9 /* [CP] Check Pods Manifest.lock */,
				7439A860212131BD00CCEE29 /* Sources */,
				7439A861212131BD00CCEE29 /* Frameworks */,
				7439A862212131BD00CCEE29 /* Resources */,
				ABEE356F47C3F70B0AEE118F /* [CP] Embed Pods Frameworks */,
			);
			buildRules = (
			);
			dependencies = (
			);
			name = "Dress Preview";
			productName = "Dress Preview";
			productReference = 7439A864212131BD00CCEE29 /* Dress Preview.app */;
			productType = "com.apple.product-type.application";
		};
/* End PBXNativeTarget section */

/* Begin PBXProject section */
		7439A85C212131BD00CCEE29 /* Project object */ = {
			isa = PBXProject;
			attributes = {
				LastSwiftUpdateCheck = 0940;
				LastUpgradeCheck = 0940;
				ORGANIZATIONNAME = "🍆";
				TargetAttributes = {
					7439A863212131BD00CCEE29 = {
						CreatedOnToolsVersion = 9.4.1;
						LastSwiftMigration = 1000;
						ProvisioningStyle = Automatic;
					};
				};
			};
			buildConfigurationList = 7439A85F212131BD00CCEE29 /* Build configuration list for PBXProject "Dress Preview" */;
			compatibilityVersion = "Xcode 8.0";
			developmentRegion = en;
			hasScannedForEncodings = 0;
			knownRegions = (
				en,
				Base,
			);
			mainGroup = 7439A85B212131BD00CCEE29;
			productRefGroup = 7439A865212131BD00CCEE29 /* Products */;
			projectDirPath = "";
			projectRoot = "";
			targets = (
				7439A863212131BD00CCEE29 /* Dress Preview */,
			);
		};
/* End PBXProject section */

/* Begin PBXResourcesBuildPhase section */
		7439A862212131BD00CCEE29 /* Resources */ = {
			isa = PBXResourcesBuildPhase;
			buildActionMask = 2147483647;
			files = (
				0F428274215126ED001DAC82 /* Podfile in Resources */,
				7439A872212131BF00CCEE29 /* LaunchScreen.storyboard in Resources */,
				C76E1AC5212A630700E4DF00 /* Default-568h@2x.png in Resources */,
				7439A86F212131BF00CCEE29 /* Assets.xcassets in Resources */,
				7439A86D212131BD00CCEE29 /* Main.storyboard in Resources */,
			);
			runOnlyForDeploymentPostprocessing = 0;
		};
/* End PBXResourcesBuildPhase section */

/* Begin PBXShellScriptBuildPhase section */
		A014E14DED3A26AD5A8EB5E9 /* [CP] Check Pods Manifest.lock */ = {
			isa = PBXShellScriptBuildPhase;
			buildActionMask = 2147483647;
			files = (
			);
			inputPaths = (
				"${PODS_PODFILE_DIR_PATH}/Podfile.lock",
				"${PODS_ROOT}/Manifest.lock",
			);
			name = "[CP] Check Pods Manifest.lock";
			outputPaths = (
				"$(DERIVED_FILE_DIR)/Pods-Dress Preview-checkManifestLockResult.txt",
			);
			runOnlyForDeploymentPostprocessing = 0;
			shellPath = /bin/sh;
			shellScript = "diff \"${PODS_PODFILE_DIR_PATH}/Podfile.lock\" \"${PODS_ROOT}/Manifest.lock\" > /dev/null\nif [ $? != 0 ] ; then\n    # print error to STDERR\n    echo \"error: The sandbox is not in sync with the Podfile.lock. Run 'pod install' or update your CocoaPods installation.\" >&2\n    exit 1\nfi\n# This output is used by Xcode 'outputs' to avoid re-running this script phase.\necho \"SUCCESS\" > \"${SCRIPT_OUTPUT_FILE_0}\"\n";
			showEnvVarsInLog = 0;
		};
		ABEE356F47C3F70B0AEE118F /* [CP] Embed Pods Frameworks */ = {
			isa = PBXShellScriptBuildPhase;
			buildActionMask = 2147483647;
			files = (
			);
			inputPaths = (
				"${PODS_ROOT}/Target Support Files/Pods-Dress Preview/Pods-Dress Preview-frameworks.sh",
				"${BUILT_PRODUCTS_DIR}/Disk/Disk.framework",
				"${BUILT_PRODUCTS_DIR}/ReachabilitySwift/Reachability.framework",
			);
			name = "[CP] Embed Pods Frameworks";
			outputPaths = (
				"${TARGET_BUILD_DIR}/${FRAMEWORKS_FOLDER_PATH}/Disk.framework",
				"${TARGET_BUILD_DIR}/${FRAMEWORKS_FOLDER_PATH}/Reachability.framework",
			);
			runOnlyForDeploymentPostprocessing = 0;
			shellPath = /bin/sh;
			shellScript = "\"${PODS_ROOT}/Target Support Files/Pods-Dress Preview/Pods-Dress Preview-frameworks.sh\"\n";
			showEnvVarsInLog = 0;
		};
/* End PBXShellScriptBuildPhase section */

/* Begin PBXSourcesBuildPhase section */
		7439A860212131BD00CCEE29 /* Sources */ = {
			isa = PBXSourcesBuildPhase;
			buildActionMask = 2147483647;
			files = (
				0F630B4421571E380009BE64 /* PreviewController.swift in Sources */,
				748972B9214F58480077FFCB /* SettingsController.swift in Sources */,
				0F42826C2150BF68001DAC82 /* EBAYApiError.swift in Sources */,
				0F728A46214F383A00548AE7 /* EBAYAPIClient.swift in Sources */,
				C7099C642155AA0B00BBB670 /* FavouritesViewController.swift in Sources */,
				0F7AF942214B7B880082AE19 /* Cloth.swift in Sources */,
				C7099C622155A5F300BBB670 /* Item.swift in Sources */,
				7439A86A212131BD00CCEE29 /* ViewController.swift in Sources */,
				0F42826E2150C4ED001DAC82 /* ErrorResponse.swift in Sources */,
				7439A868212131BD00CCEE29 /* AppDelegate.swift in Sources */,
				0F7AF955214B7BC70082AE19 /* (null) in Sources */,
				0F4282702150E7A3001DAC82 /* OauthToken.swift in Sources */,
				C794CAD72154B1A300675FFE /* user.xcdatamodeld in Sources */,
				C7D8A1EF214F32A200F0F8A1 /* DetailsViewController.swift in Sources */,
				0F42827221510717001DAC82 /* OauthResponse.swift in Sources */,
				0FA6170D21479322003333C2 /* CollectionViewCell.swift in Sources */,
			);
			runOnlyForDeploymentPostprocessing = 0;
		};
/* End PBXSourcesBuildPhase section */

/* Begin PBXVariantGroup section */
		7439A86B212131BD00CCEE29 /* Main.storyboard */ = {
			isa = PBXVariantGroup;
			children = (
				7439A86C212131BD00CCEE29 /* Base */,
			);
			name = Main.storyboard;
			sourceTree = "<group>";
		};
		7439A870212131BF00CCEE29 /* LaunchScreen.storyboard */ = {
			isa = PBXVariantGroup;
			children = (
				7439A871212131BF00CCEE29 /* Base */,
			);
			name = LaunchScreen.storyboard;
			sourceTree = "<group>";
		};
/* End PBXVariantGroup section */

/* Begin XCBuildConfiguration section */
		7439A874212131BF00CCEE29 /* Debug */ = {
			isa = XCBuildConfiguration;
			buildSettings = {
				ALWAYS_SEARCH_USER_PATHS = NO;
				CLANG_ANALYZER_NONNULL = YES;
				CLANG_ANALYZER_NUMBER_OBJECT_CONVERSION = YES_AGGRESSIVE;
				CLANG_CXX_LANGUAGE_STANDARD = "gnu++14";
				CLANG_CXX_LIBRARY = "libc++";
				CLANG_ENABLE_MODULES = YES;
				CLANG_ENABLE_OBJC_ARC = YES;
				CLANG_ENABLE_OBJC_WEAK = YES;
				CLANG_WARN_BLOCK_CAPTURE_AUTORELEASING = YES;
				CLANG_WARN_BOOL_CONVERSION = YES;
				CLANG_WARN_COMMA = YES;
				CLANG_WARN_CONSTANT_CONVERSION = YES;
				CLANG_WARN_DEPRECATED_OBJC_IMPLEMENTATIONS = YES;
				CLANG_WARN_DIRECT_OBJC_ISA_USAGE = YES_ERROR;
				CLANG_WARN_DOCUMENTATION_COMMENTS = YES;
				CLANG_WARN_EMPTY_BODY = YES;
				CLANG_WARN_ENUM_CONVERSION = YES;
				CLANG_WARN_INFINITE_RECURSION = YES;
				CLANG_WARN_INT_CONVERSION = YES;
				CLANG_WARN_NON_LITERAL_NULL_CONVERSION = YES;
				CLANG_WARN_OBJC_IMPLICIT_RETAIN_SELF = YES;
				CLANG_WARN_OBJC_LITERAL_CONVERSION = YES;
				CLANG_WARN_OBJC_ROOT_CLASS = YES_ERROR;
				CLANG_WARN_RANGE_LOOP_ANALYSIS = YES;
				CLANG_WARN_STRICT_PROTOTYPES = YES;
				CLANG_WARN_SUSPICIOUS_MOVE = YES;
				CLANG_WARN_UNGUARDED_AVAILABILITY = YES_AGGRESSIVE;
				CLANG_WARN_UNREACHABLE_CODE = YES;
				CLANG_WARN__DUPLICATE_METHOD_MATCH = YES;
				CODE_SIGN_IDENTITY = "iPhone Developer";
				COPY_PHASE_STRIP = NO;
				DEBUG_INFORMATION_FORMAT = dwarf;
				ENABLE_STRICT_OBJC_MSGSEND = YES;
				ENABLE_TESTABILITY = YES;
				GCC_C_LANGUAGE_STANDARD = gnu11;
				GCC_DYNAMIC_NO_PIC = NO;
				GCC_NO_COMMON_BLOCKS = YES;
				GCC_OPTIMIZATION_LEVEL = 0;
				GCC_PREPROCESSOR_DEFINITIONS = (
					"DEBUG=1",
					"$(inherited)",
				);
				GCC_WARN_64_TO_32_BIT_CONVERSION = YES;
				GCC_WARN_ABOUT_RETURN_TYPE = YES_ERROR;
				GCC_WARN_UNDECLARED_SELECTOR = YES;
				GCC_WARN_UNINITIALIZED_AUTOS = YES_AGGRESSIVE;
				GCC_WARN_UNUSED_FUNCTION = YES;
				GCC_WARN_UNUSED_VARIABLE = YES;
				IPHONEOS_DEPLOYMENT_TARGET = 11.4;
				MTL_ENABLE_DEBUG_INFO = YES;
				ONLY_ACTIVE_ARCH = YES;
				SDKROOT = iphoneos;
				SWIFT_ACTIVE_COMPILATION_CONDITIONS = DEBUG;
				SWIFT_OPTIMIZATION_LEVEL = "-Onone";
			};
			name = Debug;
		};
		7439A875212131BF00CCEE29 /* Release */ = {
			isa = XCBuildConfiguration;
			buildSettings = {
				ALWAYS_SEARCH_USER_PATHS = NO;
				CLANG_ANALYZER_NONNULL = YES;
				CLANG_ANALYZER_NUMBER_OBJECT_CONVERSION = YES_AGGRESSIVE;
				CLANG_CXX_LANGUAGE_STANDARD = "gnu++14";
				CLANG_CXX_LIBRARY = "libc++";
				CLANG_ENABLE_MODULES = YES;
				CLANG_ENABLE_OBJC_ARC = YES;
				CLANG_ENABLE_OBJC_WEAK = YES;
				CLANG_WARN_BLOCK_CAPTURE_AUTORELEASING = YES;
				CLANG_WARN_BOOL_CONVERSION = YES;
				CLANG_WARN_COMMA = YES;
				CLANG_WARN_CONSTANT_CONVERSION = YES;
				CLANG_WARN_DEPRECATED_OBJC_IMPLEMENTATIONS = YES;
				CLANG_WARN_DIRECT_OBJC_ISA_USAGE = YES_ERROR;
				CLANG_WARN_DOCUMENTATION_COMMENTS = YES;
				CLANG_WARN_EMPTY_BODY = YES;
				CLANG_WARN_ENUM_CONVERSION = YES;
				CLANG_WARN_INFINITE_RECURSION = YES;
				CLANG_WARN_INT_CONVERSION = YES;
				CLANG_WARN_NON_LITERAL_NULL_CONVERSION = YES;
				CLANG_WARN_OBJC_IMPLICIT_RETAIN_SELF = YES;
				CLANG_WARN_OBJC_LITERAL_CONVERSION = YES;
				CLANG_WARN_OBJC_ROOT_CLASS = YES_ERROR;
				CLANG_WARN_RANGE_LOOP_ANALYSIS = YES;
				CLANG_WARN_STRICT_PROTOTYPES = YES;
				CLANG_WARN_SUSPICIOUS_MOVE = YES;
				CLANG_WARN_UNGUARDED_AVAILABILITY = YES_AGGRESSIVE;
				CLANG_WARN_UNREACHABLE_CODE = YES;
				CLANG_WARN__DUPLICATE_METHOD_MATCH = YES;
				CODE_SIGN_IDENTITY = "iPhone Developer";
				COPY_PHASE_STRIP = NO;
				DEBUG_INFORMATION_FORMAT = "dwarf-with-dsym";
				ENABLE_NS_ASSERTIONS = NO;
				ENABLE_STRICT_OBJC_MSGSEND = YES;
				GCC_C_LANGUAGE_STANDARD = gnu11;
				GCC_NO_COMMON_BLOCKS = YES;
				GCC_WARN_64_TO_32_BIT_CONVERSION = YES;
				GCC_WARN_ABOUT_RETURN_TYPE = YES_ERROR;
				GCC_WARN_UNDECLARED_SELECTOR = YES;
				GCC_WARN_UNINITIALIZED_AUTOS = YES_AGGRESSIVE;
				GCC_WARN_UNUSED_FUNCTION = YES;
				GCC_WARN_UNUSED_VARIABLE = YES;
				IPHONEOS_DEPLOYMENT_TARGET = 11.4;
				MTL_ENABLE_DEBUG_INFO = NO;
				SDKROOT = iphoneos;
				SWIFT_OPTIMIZATION_LEVEL = "-Owholemodule";
				VALIDATE_PRODUCT = YES;
			};
			name = Release;
		};
		7439A877212131BF00CCEE29 /* Debug */ = {
			isa = XCBuildConfiguration;
			baseConfigurationReference = 357994196E9F0B3200EA52C7 /* Pods-Dress Preview.debug.xcconfig */;
			buildSettings = {
				ASSETCATALOG_COMPILER_APPICON_NAME = AppIcon;
				CODE_SIGN_STYLE = Automatic;
				DEVELOPMENT_TEAM = SEE6E4PE7K;
				INFOPLIST_FILE = "Dress Preview/Info.plist";
				IPHONEOS_DEPLOYMENT_TARGET = 11.4;
				LD_RUNPATH_SEARCH_PATHS = "$(inherited) @executable_path/Frameworks";
				PRODUCT_BUNDLE_IDENTIFIER = "dp.Dress-Previe";
				PRODUCT_NAME = "$(TARGET_NAME)";
				SWIFT_VERSION = 4.0;
				TARGETED_DEVICE_FAMILY = "1,2";
			};
			name = Debug;
		};
		7439A878212131BF00CCEE29 /* Release */ = {
			isa = XCBuildConfiguration;
			baseConfigurationReference = 7BB5F142164235C05F05FFD3 /* Pods-Dress Preview.release.xcconfig */;
			buildSettings = {
				ASSETCATALOG_COMPILER_APPICON_NAME = AppIcon;
				CODE_SIGN_STYLE = Automatic;
				DEVELOPMENT_TEAM = SEE6E4PE7K;
				INFOPLIST_FILE = "Dress Preview/Info.plist";
				IPHONEOS_DEPLOYMENT_TARGET = 11.4;
				LD_RUNPATH_SEARCH_PATHS = "$(inherited) @executable_path/Frameworks";
				PRODUCT_BUNDLE_IDENTIFIER = "dp.Dress-Previe";
				PRODUCT_NAME = "$(TARGET_NAME)";
				SWIFT_VERSION = 4.0;
				TARGETED_DEVICE_FAMILY = "1,2";
			};
			name = Release;
		};
/* End XCBuildConfiguration section */

/* Begin XCConfigurationList section */
		7439A85F212131BD00CCEE29 /* Build configuration list for PBXProject "Dress Preview" */ = {
			isa = XCConfigurationList;
			buildConfigurations = (
				7439A874212131BF00CCEE29 /* Debug */,
				7439A875212131BF00CCEE29 /* Release */,
			);
			defaultConfigurationIsVisible = 0;
			defaultConfigurationName = Release;
		};
		7439A876212131BF00CCEE29 /* Build configuration list for PBXNativeTarget "Dress Preview" */ = {
			isa = XCConfigurationList;
			buildConfigurations = (
				7439A877212131BF00CCEE29 /* Debug */,
				7439A878212131BF00CCEE29 /* Release */,
			);
			defaultConfigurationIsVisible = 0;
			defaultConfigurationName = Release;
		};
/* End XCConfigurationList section */

/* Begin XCVersionGroup section */
		C794CAD52154B1A300675FFE /* user.xcdatamodeld */ = {
			isa = XCVersionGroup;
			children = (
				C794CAD62154B1A300675FFE /* user.xcdatamodel */,
			);
			currentVersion = C794CAD62154B1A300675FFE /* user.xcdatamodel */;
			name = user.xcdatamodeld;
			path = ../user.xcdatamodeld;
			sourceTree = "<group>";
			versionGroupType = wrapper.xcdatamodel;
		};
/* End XCVersionGroup section */
	};
	rootObject = 7439A85C212131BD00CCEE29 /* Project object */;
}
